
Microsoft Visual Studio Solution File, Format Version 12.00
# Visual Studio 15
VisualStudioVersion = 15.0.28307.168
MinimumVisualStudioVersion = 10.0.40219.1
Project("{FAE04EC0-301F-11D3-BF4B-00C04F79EFBC}") = "cardgenFunction", "cardgenFunction\cardgenFunction.csproj", "{ED6168A5-011C-421B-B745-10BB22CEFE1C}"
EndProject
Project("{FAE04EC0-301F-11D3-BF4B-00C04F79EFBC}") = "cardgenDesktopInterface", "cardgenDesktopInterface\cardgenDesktopInterface.csproj", "{72B14EA1-33EF-4E27-968D-48AFC56A495C}"
EndProject
Global
	GlobalSection(SolutionConfigurationPlatforms) = preSolution
		Debug|Any CPU = Debug|Any CPU
		Release|Any CPU = Release|Any CPU
	EndGlobalSection
	GlobalSection(ProjectConfigurationPlatforms) = postSolution
		{ED6168A5-011C-421B-B745-10BB22CEFE1C}.Debug|Any CPU.ActiveCfg = Debug|Any CPU
		{ED6168A5-011C-421B-B745-10BB22CEFE1C}.Debug|Any CPU.Build.0 = Debug|Any CPU
		{ED6168A5-011C-421B-B745-10BB22CEFE1C}.Release|Any CPU.ActiveCfg = Release|Any CPU
		{ED6168A5-011C-421B-B745-10BB22CEFE1C}.Release|Any CPU.Build.0 = Release|Any CPU
		{72B14EA1-33EF-4E27-968D-48AFC56A495C}.Debug|Any CPU.ActiveCfg = Debug|Any CPU
		{72B14EA1-33EF-4E27-968D-48AFC56A495C}.Debug|Any CPU.Build.0 = Debug|Any CPU
		{72B14EA1-33EF-4E27-968D-48AFC56A495C}.Release|Any CPU.ActiveCfg = Release|Any CPU
		{72B14EA1-33EF-4E27-968D-48AFC56A495C}.Release|Any CPU.Build.0 = Release|Any CPU
	EndGlobalSection
	GlobalSection(SolutionProperties) = preSolution
		HideSolutionNode = FALSE
	EndGlobalSection
	GlobalSection(ExtensibilityGlobals) = postSolution
		SolutionGuid = {3E650859-2CC1-4410-9F44-9544980145E6}
	EndGlobalSection
EndGlobal
